
Microsoft Visual Studio Solution File, Format Version 12.00
# Visual Studio Version 17
VisualStudioVersion = 17.3.32825.248
MinimumVisualStudioVersion = 10.0.40219.1
Project("{FAE04EC0-301F-11D3-BF4B-00C04F79EFBC}") = "ApiIntro", "ApiIntro\ApiIntro.csproj", "{2EC82215-463D-4784-9AC0-D49F1B933579}"
EndProject
Global
	GlobalSection(SolutionConfigurationPlatforms) = preSolution
		Debug|Any CPU = Debug|Any CPU
		Release|Any CPU = Release|Any CPU
	EndGlobalSection
	GlobalSection(ProjectConfigurationPlatforms) = postSolution
		{2EC82215-463D-4784-9AC0-D49F1B933579}.Debug|Any CPU.ActiveCfg = Debug|Any CPU
		{2EC82215-463D-4784-9AC0-D49F1B933579}.Debug|Any CPU.Build.0 = Debug|Any CPU
		{2EC82215-463D-4784-9AC0-D49F1B933579}.Release|Any CPU.ActiveCfg = Release|Any CPU
		{2EC82215-463D-4784-9AC0-D49F1B933579}.Release|Any CPU.Build.0 = Release|Any CPU
	EndGlobalSection
	GlobalSection(SolutionProperties) = preSolution
		HideSolutionNode = FALSE
	EndGlobalSection
	GlobalSection(ExtensibilityGlobals) = postSolution
		SolutionGuid = {C44E2B20-D0C8-401E-B53C-AC6A0A13D9B8}
	EndGlobalSection
EndGlobal
